
Microsoft Visual Studio Solution File, Format Version 12.00
# Visual Studio Version 17
VisualStudioVersion = 17.5.33103.201
MinimumVisualStudioVersion = 10.0.40219.1
Project("{FAE04EC0-301F-11D3-BF4B-00C04F79EFBC}") = "ConsoleApp_ImpiccatoMultiplayer", "ConsoleApp_ImpiccatoMultiplayer\ConsoleApp_ImpiccatoMultiplayer.csproj", "{119D6E26-D2A6-4800-BDBB-D65CFAC81DE2}"
EndProject
Global
	GlobalSection(SolutionConfigurationPlatforms) = preSolution
		Debug|Any CPU = Debug|Any CPU
		Release|Any CPU = Release|Any CPU
	EndGlobalSection
	GlobalSection(ProjectConfigurationPlatforms) = postSolution
		{119D6E26-D2A6-4800-BDBB-D65CFAC81DE2}.Debug|Any CPU.ActiveCfg = Debug|Any CPU
		{119D6E26-D2A6-4800-BDBB-D65CFAC81DE2}.Debug|Any CPU.Build.0 = Debug|Any CPU
		{119D6E26-D2A6-4800-BDBB-D65CFAC81DE2}.Release|Any CPU.ActiveCfg = Release|Any CPU
		{119D6E26-D2A6-4800-BDBB-D65CFAC81DE2}.Release|Any CPU.Build.0 = Release|Any CPU
	EndGlobalSection
	GlobalSection(SolutionProperties) = preSolution
		HideSolutionNode = FALSE
	EndGlobalSection
	GlobalSection(ExtensibilityGlobals) = postSolution
		SolutionGuid = {8F56A7B1-6035-48B2-88C5-4C0BCE9AB4E2}
	EndGlobalSection
EndGlobal
